// !$*UTF8*$!
{
	archiveVersion = 1;
	classes = {
	};
	objectVersion = 46;
	objects = {

/* Begin PBXBuildFile section */
		72A986D61F13521D0022E0FC /* AppDelegate.swift in Sources */ = {isa = PBXBuildFile; fileRef = 72A986D51F13521D0022E0FC /* AppDelegate.swift */; };
		72A986D81F13521D0022E0FC /* MealViewController.swift in Sources */ = {isa = PBXBuildFile; fileRef = 72A986D71F13521D0022E0FC /* MealViewController.swift */; };
		72A986DB1F13521E0022E0FC /* Main.storyboard in Resources */ = {isa = PBXBuildFile; fileRef = 72A986D91F13521E0022E0FC /* Main.storyboard */; };
		72A986DD1F13521E0022E0FC /* Assets.xcassets in Resources */ = {isa = PBXBuildFile; fileRef = 72A986DC1F13521E0022E0FC /* Assets.xcassets */; };
		72A986E01F13521E0022E0FC /* LaunchScreen.storyboard in Resources */ = {isa = PBXBuildFile; fileRef = 72A986DE1F13521E0022E0FC /* LaunchScreen.storyboard */; };
		72A986EB1F13521E0022E0FC /* FoodTrackerTests.swift in Sources */ = {isa = PBXBuildFile; fileRef = 72A986EA1F13521E0022E0FC /* FoodTrackerTests.swift */; };
		72A986F61F160F6D0022E0FC /* RatingControl.swift in Sources */ = {isa = PBXBuildFile; fileRef = 72A986F51F160F6D0022E0FC /* RatingControl.swift */; };
		72A986F81F163D760022E0FC /* Meal.swift in Sources */ = {isa = PBXBuildFile; fileRef = 72A986F71F163D760022E0FC /* Meal.swift */; };
		72A986FA1F177D680022E0FC /* MealTableViewCell.swift in Sources */ = {isa = PBXBuildFile; fileRef = 72A986F91F177D680022E0FC /* MealTableViewCell.swift */; };
		72A987021F1792730022E0FC /* MealTableViewController.swift in Sources */ = {isa = PBXBuildFile; fileRef = 72A987011F1792730022E0FC /* MealTableViewController.swift */; };
/* End PBXBuildFile section */

/* Begin PBXContainerItemProxy section */
		72A986E71F13521E0022E0FC /* PBXContainerItemProxy */ = {
			isa = PBXContainerItemProxy;
			containerPortal = 72A986CA1F13521D0022E0FC /* Project object */;
			proxyType = 1;
			remoteGlobalIDString = 72A986D11F13521D0022E0FC;
			remoteInfo = FoodTracker;
		};
/* End PBXContainerItemProxy section */

/* Begin PBXFileReference section */
		72A986D21F13521D0022E0FC /* FoodTracker.app */ = {isa = PBXFileReference; explicitFileType = wrapper.application; includeInIndex = 0; path = FoodTracker.app; sourceTree = BUILT_PRODUCTS_DIR; };
		72A986D51F13521D0022E0FC /* AppDelegate.swift */ = {isa = PBXFileReference; lastKnownFileType = sourcecode.swift; path = AppDelegate.swift; sourceTree = "<group>"; };
		72A986D71F13521D0022E0FC /* MealViewController.swift */ = {isa = PBXFileReference; lastKnownFileType = sourcecode.swift; path = MealViewController.swift; sourceTree = "<group>"; };
		72A986DA1F13521E0022E0FC /* Base */ = {isa = PBXFileReference; lastKnownFileType = file.storyboard; name = Base; path = Base.lproj/Main.storyboard; sourceTree = "<group>"; };
		72A986DC1F13521E0022E0FC /* Assets.xcassets */ = {isa = PBXFileReference; lastKnownFileType = folder.assetcatalog; path = Assets.xcassets; sourceTree = "<group>"; };
		72A986DF1F13521E0022E0FC /* Base */ = {isa = PBXFileReference; lastKnownFileType = file.storyboard; name = Base; path = Base.lproj/LaunchScreen.storyboard; sourceTree = "<group>"; };
		72A986E11F13521E0022E0FC /* Info.plist */ = {isa = PBXFileReference; lastKnownFileType = text.plist.xml; path = Info.plist; sourceTree = "<group>"; };
		72A986E61F13521E0022E0FC /* FoodTrackerTests.xctest */ = {isa = PBXFileReference; explicitFileType = wrapper.cfbundle; includeInIndex = 0; path = FoodTrackerTests.xctest; sourceTree = BUILT_PRODUCTS_DIR; };
		72A986EA1F13521E0022E0FC /* FoodTrackerTests.swift */ = {isa = PBXFileReference; lastKnownFileType = sourcecode.swift; path = FoodTrackerTests.swift; sourceTree = "<group>"; };
		72A986EC1F13521E0022E0FC /* Info.plist */ = {isa = PBXFileReference; lastKnownFileType = text.plist.xml; path = Info.plist; sourceTree = "<group>"; };
		72A986F51F160F6D0022E0FC /* RatingControl.swift */ = {isa = PBXFileReference; fileEncoding = 4; lastKnownFileType = sourcecode.swift; path = RatingControl.swift; sourceTree = "<group>"; };
		72A986F71F163D760022E0FC /* Meal.swift */ = {isa = PBXFileReference; fileEncoding = 4; lastKnownFileType = sourcecode.swift; name = Meal.swift; path = ../Meal.swift; sourceTree = "<group>"; };
		72A986F91F177D680022E0FC /* MealTableViewCell.swift */ = {isa = PBXFileReference; fileEncoding = 4; lastKnownFileType = sourcecode.swift; path = MealTableViewCell.swift; sourceTree = "<group>"; };
		72A987011F1792730022E0FC /* MealTableViewController.swift */ = {isa = PBXFileReference; fileEncoding = 4; lastKnownFileType = sourcecode.swift; path = MealTableViewController.swift; sourceTree = "<group>"; };
/* End PBXFileReference section */

/* Begin PBXFrameworksBuildPhase section */
		72A986CF1F13521D0022E0FC /* Frameworks */ = {
			isa = PBXFrameworksBuildPhase;
			buildActionMask = 2147483647;
			files = (
			);
			runOnlyForDeploymentPostprocessing = 0;
		};
		72A986E31F13521E0022E0FC /* Frameworks */ = {
			isa = PBXFrameworksBuildPhase;
			buildActionMask = 2147483647;
			files = (
			);
			runOnlyForDeploymentPostprocessing = 0;
		};
/* End PBXFrameworksBuildPhase section */

/* Begin PBXGroup section */
		72A986C91F13521D0022E0FC = {
			isa = PBXGroup;
			children = (
				72A986D41F13521D0022E0FC /* FoodTracker */,
				72A986E91F13521E0022E0FC /* FoodTrackerTests */,
				72A986D31F13521D0022E0FC /* Products */,
			);
			sourceTree = "<group>";
		};
		72A986D31F13521D0022E0FC /* Products */ = {
			isa = PBXGroup;
			children = (
				72A986D21F13521D0022E0FC /* FoodTracker.app */,
				72A986E61F13521E0022E0FC /* FoodTrackerTests.xctest */,
			);
			name = Products;
			sourceTree = "<group>";
		};
		72A986D41F13521D0022E0FC /* FoodTracker */ = {
			isa = PBXGroup;
			children = (
				72A986D51F13521D0022E0FC /* AppDelegate.swift */,
				72A986F51F160F6D0022E0FC /* RatingControl.swift */,
				72A986D71F13521D0022E0FC /* MealViewController.swift */,
				72A987011F1792730022E0FC /* MealTableViewController.swift */,
				72A986F91F177D680022E0FC /* MealTableViewCell.swift */,
				72A986F71F163D760022E0FC /* Meal.swift */,
				72A986DC1F13521E0022E0FC /* Assets.xcassets */,
				72A986D91F13521E0022E0FC /* Main.storyboard */,
				72A986DE1F13521E0022E0FC /* LaunchScreen.storyboard */,
				72A986E11F13521E0022E0FC /* Info.plist */,
			);
			path = FoodTracker;
			sourceTree = "<group>";
		};
		72A986E91F13521E0022E0FC /* FoodTrackerTests */ = {
			isa = PBXGroup;
			children = (
				72A986EA1F13521E0022E0FC /* FoodTrackerTests.swift */,
				72A986EC1F13521E0022E0FC /* Info.plist */,
			);
			path = FoodTrackerTests;
			sourceTree = "<group>";
		};
/* End PBXGroup section */

/* Begin PBXNativeTarget section */
		72A986D11F13521D0022E0FC /* FoodTracker */ = {
			isa = PBXNativeTarget;
			buildConfigurationList = 72A986EF1F13521E0022E0FC /* Build configuration list for PBXNativeTarget "FoodTracker" */;
			buildPhases = (
				72A986CE1F13521D0022E0FC /* Sources */,
				72A986CF1F13521D0022E0FC /* Frameworks */,
				72A986D01F13521D0022E0FC /* Resources */,
			);
			buildRules = (
			);
			dependencies = (
			);
			name = FoodTracker;
			productName = FoodTracker;
			productReference = 72A986D21F13521D0022E0FC /* FoodTracker.app */;
			productType = "com.apple.product-type.application";
		};
		72A986E51F13521E0022E0FC /* FoodTrackerTests */ = {
			isa = PBXNativeTarget;
			buildConfigurationList = 72A986F21F13521E0022E0FC /* Build configuration list for PBXNativeTarget "FoodTrackerTests" */;
			buildPhases = (
				72A986E21F13521E0022E0FC /* Sources */,
				72A986E31F13521E0022E0FC /* Frameworks */,
				72A986E41F13521E0022E0FC /* Resources */,
			);
			buildRules = (
			);
			dependencies = (
				72A986E81F13521E0022E0FC /* PBXTargetDependency */,
			);
			name = FoodTrackerTests;
			productName = FoodTrackerTests;
			productReference = 72A986E61F13521E0022E0FC /* FoodTrackerTests.xctest */;
			productType = "com.apple.product-type.bundle.unit-test";
		};
/* End PBXNativeTarget section */

/* Begin PBXProject section */
		72A986CA1F13521D0022E0FC /* Project object */ = {
			isa = PBXProject;
			attributes = {
				LastSwiftUpdateCheck = 0830;
				LastUpgradeCheck = 0830;
				ORGANIZATIONNAME = Yintro;
				TargetAttributes = {
					72A986D11F13521D0022E0FC = {
						CreatedOnToolsVersion = 8.3.2;
						ProvisioningStyle = Automatic;
					};
					72A986E51F13521E0022E0FC = {
						CreatedOnToolsVersion = 8.3.2;
						ProvisioningStyle = Automatic;
						TestTargetID = 72A986D11F13521D0022E0FC;
					};
				};
			};
			buildConfigurationList = 72A986CD1F13521D0022E0FC /* Build configuration list for PBXProject "FoodTracker" */;
			compatibilityVersion = "Xcode 3.2";
			developmentRegion = English;
			hasScannedForEncodings = 0;
			knownRegions = (
				en,
				Base,
			);
			mainGroup = 72A986C91F13521D0022E0FC;
			productRefGroup = 72A986D31F13521D0022E0FC /* Products */;
			projectDirPath = "";
			projectRoot = "";
			targets = (
				72A986D11F13521D0022E0FC /* FoodTracker */,
				72A986E51F13521E0022E0FC /* FoodTrackerTests */,
			);
		};
/* End PBXProject section */

/* Begin PBXResourcesBuildPhase section */
		72A986D01F13521D0022E0FC /* Resources */ = {
			isa = PBXResourcesBuildPhase;
			buildActionMask = 2147483647;
			files = (
				72A986E01F13521E0022E0FC /* LaunchScreen.storyboard in Resources */,
				72A986DD1F13521E0022E0FC /* Assets.xcassets in Resources */,
				72A986DB1F13521E0022E0FC /* Main.storyboard in Resources */,
			);
			runOnlyForDeploymentPostprocessing = 0;
		};
		72A986E41F13521E0022E0FC /* Resources */ = {
			isa = PBXResourcesBuildPhase;
			buildActionMask = 2147483647;
			files = (
			);
			runOnlyForDeploymentPostprocessing = 0;
		};
/* End PBXResourcesBuildPhase section */

/* Begin PBXSourcesBuildPhase section */
		72A986CE1F13521D0022E0FC /* Sources */ = {
			isa = PBXSourcesBuildPhase;
			buildActionMask = 2147483647;
			files = (
				72A986F81F163D760022E0FC /* Meal.swift in Sources */,
				72A986D81F13521D0022E0FC /* MealViewController.swift in Sources */,
				72A986F61F160F6D0022E0FC /* RatingControl.swift in Sources */,
				72A986D61F13521D0022E0FC /* AppDelegate.swift in Sources */,
				72A987021F1792730022E0FC /* MealTableViewController.swift in Sources */,
				72A986FA1F177D680022E0FC /* MealTableViewCell.swift in Sources */,
			);
			runOnlyForDeploymentPostprocessing = 0;
		};
		72A986E21F13521E0022E0FC /* Sources */ = {
			isa = PBXSourcesBuildPhase;
			buildActionMask = 2147483647;
			files = (
				72A986EB1F13521E0022E0FC /* FoodTrackerTests.swift in Sources */,
			);
			runOnlyForDeploymentPostprocessing = 0;
		};
/* End PBXSourcesBuildPhase section */

/* Begin PBXTargetDependency section */
		72A986E81F13521E0022E0FC /* PBXTargetDependency */ = {
			isa = PBXTargetDependency;
			target = 72A986D11F13521D0022E0FC /* FoodTracker */;
			targetProxy = 72A986E71F13521E0022E0FC /* PBXContainerItemProxy */;
		};
/* End PBXTargetDependency section */

/* Begin PBXVariantGroup section */
		72A986D91F13521E0022E0FC /* Main.storyboard */ = {
			isa = PBXVariantGroup;
			children = (
				72A986DA1F13521E0022E0FC /* Base */,
			);
			name = Main.storyboard;
			sourceTree = "<group>";
		};
		72A986DE1F13521E0022E0FC /* LaunchScreen.storyboard */ = {
			isa = PBXVariantGroup;
			children = (
				72A986DF1F13521E0022E0FC /* Base */,
			);
			name = LaunchScreen.storyboard;
			sourceTree = "<group>";
		};
/* End PBXVariantGroup section */

/* Begin XCBuildConfiguration section */
		72A986ED1F13521E0022E0FC /* Debug */ = {
			isa = XCBuildConfiguration;
			buildSettings = {
				ALWAYS_SEARCH_USER_PATHS = NO;
				CLANG_ANALYZER_NONNULL = YES;
				CLANG_ANALYZER_NUMBER_OBJECT_CONVERSION = YES_AGGRESSIVE;
				CLANG_CXX_LANGUAGE_STANDARD = "gnu++0x";
				CLANG_CXX_LIBRARY = "libc++";
				CLANG_ENABLE_MODULES = YES;
				CLANG_ENABLE_OBJC_ARC = YES;
				CLANG_WARN_BOOL_CONVERSION = YES;
				CLANG_WARN_CONSTANT_CONVERSION = YES;
				CLANG_WARN_DIRECT_OBJC_ISA_USAGE = YES_ERROR;
				CLANG_WARN_DOCUMENTATION_COMMENTS = YES;
				CLANG_WARN_EMPTY_BODY = YES;
				CLANG_WARN_ENUM_CONVERSION = YES;
				CLANG_WARN_INFINITE_RECURSION = YES;
				CLANG_WARN_INT_CONVERSION = YES;
				CLANG_WARN_OBJC_ROOT_CLASS = YES_ERROR;
				CLANG_WARN_SUSPICIOUS_MOVE = YES;
				CLANG_WARN_UNREACHABLE_CODE = YES;
				CLANG_WARN__DUPLICATE_METHOD_MATCH = YES;
				"CODE_SIGN_IDENTITY[sdk=iphoneos*]" = "iPhone Developer";
				COPY_PHASE_STRIP = NO;
				DEBUG_INFORMATION_FORMAT = dwarf;
				ENABLE_STRICT_OBJC_MSGSEND = YES;
				ENABLE_TESTABILITY = YES;
				GCC_C_LANGUAGE_STANDARD = gnu99;
				GCC_DYNAMIC_NO_PIC = NO;
				GCC_NO_COMMON_BLOCKS = YES;
				GCC_OPTIMIZATION_LEVEL = 0;
				GCC_PREPROCESSOR_DEFINITIONS = (
					"DEBUG=1",
					"$(inherited)",
				);
				GCC_WARN_64_TO_32_BIT_CONVERSION = YES;
				GCC_WARN_ABOUT_RETURN_TYPE = YES_ERROR;
				GCC_WARN_UNDECLARED_SELECTOR = YES;
				GCC_WARN_UNINITIALIZED_AUTOS = YES_AGGRESSIVE;
				GCC_WARN_UNUSED_FUNCTION = YES;
				GCC_WARN_UNUSED_VARIABLE = YES;
				IPHONEOS_DEPLOYMENT_TARGET = 10.3;
				MTL_ENABLE_DEBUG_INFO = YES;
				ONLY_ACTIVE_ARCH = YES;
				SDKROOT = iphoneos;
				SWIFT_ACTIVE_COMPILATION_CONDITIONS = DEBUG;
				SWIFT_OPTIMIZATION_LEVEL = "-Onone";
				TARGETED_DEVICE_FAMILY = "1,2";
			};
			name = Debug;
		};
		72A986EE1F13521E0022E0FC /* Release */ = {
			isa = XCBuildConfiguration;
			buildSettings = {
				ALWAYS_SEARCH_USER_PATHS = NO;
				CLANG_ANALYZER_NONNULL = YES;
				CLANG_ANALYZER_NUMBER_OBJECT_CONVERSION = YES_AGGRESSIVE;
				CLANG_CXX_LANGUAGE_STANDARD = "gnu++0x";
				CLANG_CXX_LIBRARY = "libc++";
				CLANG_ENABLE_MODULES = YES;
				CLANG_ENABLE_OBJC_ARC = YES;
				CLANG_WARN_BOOL_CONVERSION = YES;
				CLANG_WARN_CONSTANT_CONVERSION = YES;
				CLANG_WARN_DIRECT_OBJC_ISA_USAGE = YES_ERROR;
				CLANG_WARN_DOCUMENTATION_COMMENTS = YES;
				CLANG_WARN_EMPTY_BODY = YES;
				CLANG_WARN_ENUM_CONVERSION = YES;
				CLANG_WARN_INFINITE_RECURSION = YES;
				CLANG_WARN_INT_CONVERSION = YES;
				CLANG_WARN_OBJC_ROOT_CLASS = YES_ERROR;
				CLANG_WARN_SUSPICIOUS_MOVE = YES;
				CLANG_WARN_UNREACHABLE_CODE = YES;
				CLANG_WARN__DUPLICATE_METHOD_MATCH = YES;
				"CODE_SIGN_IDENTITY[sdk=iphoneos*]" = "iPhone Developer";
				COPY_PHASE_STRIP = NO;
				DEBUG_INFORMATION_FORMAT = "dwarf-with-dsym";
				ENABLE_NS_ASSERTIONS = NO;
				ENABLE_STRICT_OBJC_MSGSEND = YES;
				GCC_C_LANGUAGE_STANDARD = gnu99;
				GCC_NO_COMMON_BLOCKS = YES;
				GCC_WARN_64_TO_32_BIT_CONVERSION = YES;
				GCC_WARN_ABOUT_RETURN_TYPE = YES_ERROR;
				GCC_WARN_UNDECLARED_SELECTOR = YES;
				GCC_WARN_UNINITIALIZED_AUTOS = YES_AGGRESSIVE;
				GCC_WARN_UNUSED_FUNCTION = YES;
				GCC_WARN_UNUSED_VARIABLE = YES;
				IPHONEOS_DEPLOYMENT_TARGET = 10.3;
				MTL_ENABLE_DEBUG_INFO = NO;
				SDKROOT = iphoneos;
				SWIFT_OPTIMIZATION_LEVEL = "-Owholemodule";
				TARGETED_DEVICE_FAMILY = "1,2";
				VALIDATE_PRODUCT = YES;
			};
			name = Release;
		};
		72A986F01F13521E0022E0FC /* Debug */ = {
			isa = XCBuildConfiguration;
			buildSettings = {
				ASSETCATALOG_COMPILER_APPICON_NAME = AppIcon;
				DEVELOPMENT_TEAM = "";
				INFOPLIST_FILE = FoodTracker/Info.plist;
				IPHONEOS_DEPLOYMENT_TARGET = 10.2;
				LD_RUNPATH_SEARCH_PATHS = "$(inherited) @executable_path/Frameworks";
				PRODUCT_BUNDLE_IDENTIFIER = com.yintro.FoodTracker;
				PRODUCT_NAME = "$(TARGET_NAME)";
				SWIFT_VERSION = 3.0;
			};
			name = Debug;
		};
		72A986F11F13521E0022E0FC /* Release */ = {
			isa = XCBuildConfiguration;
			buildSettings = {
				ASSETCATALOG_COMPILER_APPICON_NAME = AppIcon;
				DEVELOPMENT_TEAM = "";
				INFOPLIST_FILE = FoodTracker/Info.plist;
				IPHONEOS_DEPLOYMENT_TARGET = 10.2;
				LD_RUNPATH_SEARCH_PATHS = "$(inherited) @executable_path/Frameworks";
				PRODUCT_BUNDLE_IDENTIFIER = com.yintro.FoodTracker;
				PRODUCT_NAME = "$(TARGET_NAME)";
				SWIFT_VERSION = 3.0;
			};
			name = Release;
		};
		72A986F31F13521E0022E0FC /* Debug */ = {
			isa = XCBuildConfiguration;
			buildSettings = {
				ALWAYS_EMBED_SWIFT_STANDARD_LIBRARIES = YES;
				BUNDLE_LOADER = "$(TEST_HOST)";
				INFOPLIST_FILE = FoodTrackerTests/Info.plist;
				LD_RUNPATH_SEARCH_PATHS = "$(inherited) @executable_path/Frameworks @loader_path/Frameworks";
				PRODUCT_BUNDLE_IDENTIFIER = com.yintro.FoodTrackerTests;
				PRODUCT_NAME = "$(TARGET_NAME)";
				SWIFT_VERSION = 3.0;
				TEST_HOST = "$(BUILT_PRODUCTS_DIR)/FoodTracker.app/FoodTracker";
			};
			name = Debug;
		};
		72A986F41F13521E0022E0FC /* Release */ = {
			isa = XCBuildConfiguration;
			buildSettings = {
				ALWAYS_EMBED_SWIFT_STANDARD_LIBRARIES = YES;
				BUNDLE_LOADER = "$(TEST_HOST)";
				INFOPLIST_FILE = FoodTrackerTests/Info.plist;
				LD_RUNPATH_SEARCH_PATHS = "$(inherited) @executable_path/Frameworks @loader_path/Frameworks";
				PRODUCT_BUNDLE_IDENTIFIER = com.yintro.FoodTrackerTests;
				PRODUCT_NAME = "$(TARGET_NAME)";
				SWIFT_VERSION = 3.0;
				TEST_HOST = "$(BUILT_PRODUCTS_DIR)/FoodTracker.app/FoodTracker";
			};
			name = Release;
		};
/* End XCBuildConfiguration section */

/* Begin XCConfigurationList section */
		72A986CD1F13521D0022E0FC /* Build configuration list for PBXProject "FoodTracker" */ = {
			isa = XCConfigurationList;
			buildConfigurations = (
				72A986ED1F13521E0022E0FC /* Debug */,
				72A986EE1F13521E0022E0FC /* Release */,
			);
			defaultConfigurationIsVisible = 0;
			defaultConfigurationName = Release;
		};
		72A986EF1F13521E0022E0FC /* Build configuration list for PBXNativeTarget "FoodTracker" */ = {
			isa = XCConfigurationList;
			buildConfigurations = (
				72A986F01F13521E0022E0FC /* Debug */,
				72A986F11F13521E0022E0FC /* Release */,
			);
			defaultConfigurationIsVisible = 0;
			defaultConfigurationName = Release;
		};
		72A986F21F13521E0022E0FC /* Build configuration list for PBXNativeTarget "FoodTrackerTests" */ = {
			isa = XCConfigurationList;
			buildConfigurations = (
				72A986F31F13521E0022E0FC /* Debug */,
				72A986F41F13521E0022E0FC /* Release */,
			);
			defaultConfigurationIsVisible = 0;
			defaultConfigurationName = Release;
		};
/* End XCConfigurationList section */
	};
	rootObject = 72A986CA1F13521D0022E0FC /* Project object */;
}
